
Microsoft Visual Studio Solution File, Format Version 9.00
# Visual Studio 2005
Project("{54435603-DBB4-11D2-8724-00A0C9A8B90C}") = "Tip Tracker Setup", "Tip Tracker Setup\Tip Tracker Setup.vdproj", "{EF6AA736-9ECB-4EC3-9ECB-2005BCEDE800}"
EndProject
Project("{F184B08F-C81C-45F6-A57F-5ABD9991F28F}") = "Tip Tracker", "..\..\Tip Tracker V.1\Tip Tracker\Tip Tracker.vbproj", "{C8B8852C-6CBA-4FC6-A342-2B57F110B251}"
EndProject
Global
	GlobalSection(SolutionConfigurationPlatforms) = preSolution
		Debug|Any CPU = Debug|Any CPU
		Release|Any CPU = Release|Any CPU
	EndGlobalSection
	GlobalSection(ProjectConfigurationPlatforms) = postSolution
		{EF6AA736-9ECB-4EC3-9ECB-2005BCEDE800}.Debug|Any CPU.ActiveCfg = Debug
		{EF6AA736-9ECB-4EC3-9ECB-2005BCEDE800}.Debug|Any CPU.Build.0 = Debug
		{EF6AA736-9ECB-4EC3-9ECB-2005BCEDE800}.Release|Any CPU.ActiveCfg = Release
		{EF6AA736-9ECB-4EC3-9ECB-2005BCEDE800}.Release|Any CPU.Build.0 = Release
		{C8B8852C-6CBA-4FC6-A342-2B57F110B251}.Debug|Any CPU.ActiveCfg = Debug|Any CPU
		{C8B8852C-6CBA-4FC6-A342-2B57F110B251}.Debug|Any CPU.Build.0 = Debug|Any CPU
		{C8B8852C-6CBA-4FC6-A342-2B57F110B251}.Release|Any CPU.ActiveCfg = Release|Any CPU
		{C8B8852C-6CBA-4FC6-A342-2B57F110B251}.Release|Any CPU.Build.0 = Release|Any CPU
	EndGlobalSection
	GlobalSection(SolutionProperties) = preSolution
		HideSolutionNode = FALSE
	EndGlobalSection
EndGlobal
